
Microsoft Visual Studio Solution File, Format Version 12.00
# Visual Studio Version 16
VisualStudioVersion = 16.0.29613.14
MinimumVisualStudioVersion = 10.0.40219.1
Project("{2150E333-8FDC-42A3-9474-1A3956D46DE8}") = "Framework", "Framework", "{AF015AE4-743C-4441-8720-1F5D428C92EC}"
EndProject
Project("{2150E333-8FDC-42A3-9474-1A3956D46DE8}") = "Modules", "Modules", "{DCDABE1A-A0D7-4337-903F-0C875E5AE812}"
EndProject
Project("{9A19103F-16F7-4668-BE54-9A1E7A4F7556}") = "XPL.Framework.Infrastructure", "XPL.Framework.Infrastructure\XPL.Framework.Infrastructure.csproj", "{4CE9211C-C85D-479E-A374-1E96C7E4E706}"
EndProject
Project("{9A19103F-16F7-4668-BE54-9A1E7A4F7556}") = "XPL.CLI", "XPL.CLI\XPL.CLI.csproj", "{D33F7A21-43A7-4E41-BD25-D24D2FFE1237}"
EndProject
Project("{9A19103F-16F7-4668-BE54-9A1E7A4F7556}") = "XPL.Modules.UserAccess.Application", "XPL.Modules.UserAccess.Application\XPL.Modules.UserAccess.Application.csproj", "{F2FC3CD2-534A-4A9C-AF7D-648F2BC04894}"
EndProject
Project("{2150E333-8FDC-42A3-9474-1A3956D46DE8}") = "UserAccess", "UserAccess", "{FF2F3B02-9B21-471D-88B5-889CD0D353F2}"
EndProject
Project("{2150E333-8FDC-42A3-9474-1A3956D46DE8}") = "Presentation", "Presentation", "{D80E0EE0-2DAE-4A4A-A7B5-FC35414B5D8C}"
EndProject
Project("{9A19103F-16F7-4668-BE54-9A1E7A4F7556}") = "XPL.Framework.Application", "XPL.Framework.Application\XPL.Framework.Application.csproj", "{B8F7AA31-B8F6-4EC9-BB1C-26A2283225CD}"
EndProject
Project("{9A19103F-16F7-4668-BE54-9A1E7A4F7556}") = "XPL.Framework.AppBuilder", "XPL.Framework.AppBuilder\XPL.Framework.AppBuilder.csproj", "{CEAE5B7E-67DD-4FAE-A1AF-E074AC4AC2C8}"
EndProject
Project("{2150E333-8FDC-42A3-9474-1A3956D46DE8}") = "Libraries", "Libraries", "{A6806EE0-1FDC-4A49-8B06-213650A72F78}"
EndProject
Project("{2150E333-8FDC-42A3-9474-1A3956D46DE8}") = "Functional", "Functional", "{1BE87C26-24CF-42AB-9B45-C205FBE20C52}"
EndProject
Project("{9A19103F-16F7-4668-BE54-9A1E7A4F7556}") = "XPL.Framework.Domain", "XPL.Framework.Domain\XPL.Framework.Domain.csproj", "{ED71B621-822E-4F06-A372-AD59C7BB3213}"
EndProject
Project("{9A19103F-16F7-4668-BE54-9A1E7A4F7556}") = "XPL.Modules.UserAccess.Domain", "XPL.Modules.UserAccess.Domain\XPL.Modules.UserAccess.Domain.csproj", "{F1B616CB-59B8-4E78-866E-5E19FD4725AD}"
EndProject
Project("{2150E333-8FDC-42A3-9474-1A3956D46DE8}") = "ValueTypes", "ValueTypes", "{9C93B6B6-4400-493D-83C1-833A2B75DAD1}"
EndProject
Project("{9A19103F-16F7-4668-BE54-9A1E7A4F7556}") = "XPL.Modules.UserAccess.Infrastructure", "XPL.Modules.UserAccess.Infrastructure\XPL.Modules.UserAccess.Infrastructure.csproj", "{6FABE17B-E763-4E53-B1C8-31CB0F604AAE}"
EndProject
Project("{9A19103F-16F7-4668-BE54-9A1E7A4F7556}") = "XPL.Framework.Kernel", "XPL.Framework.Kernel\XPL.Framework.Kernel.csproj", "{604CEE1B-B7BF-45F3-8796-203E1D174B44}"
EndProject
Project("{2150E333-8FDC-42A3-9474-1A3956D46DE8}") = "Database", "Database", "{56575A1B-DFED-4726-A638-7461510B379A}"
EndProject
Project("{00D1A9C2-B5F0-4AF3-8072-F6C62B433612}") = "CodeCampsDb", "..\CodeCampsDb\CodeCampsDb.sqlproj", "{89B22D37-57AD-462D-8818-1590DE11B6F1}"
EndProject
Project("{9A19103F-16F7-4668-BE54-9A1E7A4F7556}") = "Functional", "..\lib\Functional\Functional.csproj", "{CDC3BCB8-9974-4036-9721-41C24F73C08A}"
EndProject
Project("{9A19103F-16F7-4668-BE54-9A1E7A4F7556}") = "ValueTypes", "..\lib\ValueTypes\ValueTypes.csproj", "{FD537A02-67AA-49B9-A0AD-0A0685B756EF}"
EndProject
Global
	GlobalSection(SolutionConfigurationPlatforms) = preSolution
		Debug|Any CPU = Debug|Any CPU
		Release|Any CPU = Release|Any CPU
	EndGlobalSection
	GlobalSection(ProjectConfigurationPlatforms) = postSolution
		{4CE9211C-C85D-479E-A374-1E96C7E4E706}.Debug|Any CPU.ActiveCfg = Debug|Any CPU
		{4CE9211C-C85D-479E-A374-1E96C7E4E706}.Debug|Any CPU.Build.0 = Debug|Any CPU
		{4CE9211C-C85D-479E-A374-1E96C7E4E706}.Release|Any CPU.ActiveCfg = Release|Any CPU
		{4CE9211C-C85D-479E-A374-1E96C7E4E706}.Release|Any CPU.Build.0 = Release|Any CPU
		{D33F7A21-43A7-4E41-BD25-D24D2FFE1237}.Debug|Any CPU.ActiveCfg = Debug|Any CPU
		{D33F7A21-43A7-4E41-BD25-D24D2FFE1237}.Debug|Any CPU.Build.0 = Debug|Any CPU
		{D33F7A21-43A7-4E41-BD25-D24D2FFE1237}.Release|Any CPU.ActiveCfg = Release|Any CPU
		{D33F7A21-43A7-4E41-BD25-D24D2FFE1237}.Release|Any CPU.Build.0 = Release|Any CPU
		{F2FC3CD2-534A-4A9C-AF7D-648F2BC04894}.Debug|Any CPU.ActiveCfg = Debug|Any CPU
		{F2FC3CD2-534A-4A9C-AF7D-648F2BC04894}.Debug|Any CPU.Build.0 = Debug|Any CPU
		{F2FC3CD2-534A-4A9C-AF7D-648F2BC04894}.Release|Any CPU.ActiveCfg = Release|Any CPU
		{F2FC3CD2-534A-4A9C-AF7D-648F2BC04894}.Release|Any CPU.Build.0 = Release|Any CPU
		{B8F7AA31-B8F6-4EC9-BB1C-26A2283225CD}.Debug|Any CPU.ActiveCfg = Debug|Any CPU
		{B8F7AA31-B8F6-4EC9-BB1C-26A2283225CD}.Debug|Any CPU.Build.0 = Debug|Any CPU
		{B8F7AA31-B8F6-4EC9-BB1C-26A2283225CD}.Release|Any CPU.ActiveCfg = Release|Any CPU
		{B8F7AA31-B8F6-4EC9-BB1C-26A2283225CD}.Release|Any CPU.Build.0 = Release|Any CPU
		{CEAE5B7E-67DD-4FAE-A1AF-E074AC4AC2C8}.Debug|Any CPU.ActiveCfg = Debug|Any CPU
		{CEAE5B7E-67DD-4FAE-A1AF-E074AC4AC2C8}.Debug|Any CPU.Build.0 = Debug|Any CPU
		{CEAE5B7E-67DD-4FAE-A1AF-E074AC4AC2C8}.Release|Any CPU.ActiveCfg = Release|Any CPU
		{CEAE5B7E-67DD-4FAE-A1AF-E074AC4AC2C8}.Release|Any CPU.Build.0 = Release|Any CPU
		{ED71B621-822E-4F06-A372-AD59C7BB3213}.Debug|Any CPU.ActiveCfg = Debug|Any CPU
		{ED71B621-822E-4F06-A372-AD59C7BB3213}.Debug|Any CPU.Build.0 = Debug|Any CPU
		{ED71B621-822E-4F06-A372-AD59C7BB3213}.Release|Any CPU.ActiveCfg = Release|Any CPU
		{ED71B621-822E-4F06-A372-AD59C7BB3213}.Release|Any CPU.Build.0 = Release|Any CPU
		{F1B616CB-59B8-4E78-866E-5E19FD4725AD}.Debug|Any CPU.ActiveCfg = Debug|Any CPU
		{F1B616CB-59B8-4E78-866E-5E19FD4725AD}.Debug|Any CPU.Build.0 = Debug|Any CPU
		{F1B616CB-59B8-4E78-866E-5E19FD4725AD}.Release|Any CPU.ActiveCfg = Release|Any CPU
		{F1B616CB-59B8-4E78-866E-5E19FD4725AD}.Release|Any CPU.Build.0 = Release|Any CPU
		{6FABE17B-E763-4E53-B1C8-31CB0F604AAE}.Debug|Any CPU.ActiveCfg = Debug|Any CPU
		{6FABE17B-E763-4E53-B1C8-31CB0F604AAE}.Debug|Any CPU.Build.0 = Debug|Any CPU
		{6FABE17B-E763-4E53-B1C8-31CB0F604AAE}.Release|Any CPU.ActiveCfg = Release|Any CPU
		{6FABE17B-E763-4E53-B1C8-31CB0F604AAE}.Release|Any CPU.Build.0 = Release|Any CPU
		{604CEE1B-B7BF-45F3-8796-203E1D174B44}.Debug|Any CPU.ActiveCfg = Debug|Any CPU
		{604CEE1B-B7BF-45F3-8796-203E1D174B44}.Debug|Any CPU.Build.0 = Debug|Any CPU
		{604CEE1B-B7BF-45F3-8796-203E1D174B44}.Release|Any CPU.ActiveCfg = Release|Any CPU
		{604CEE1B-B7BF-45F3-8796-203E1D174B44}.Release|Any CPU.Build.0 = Release|Any CPU
		{89B22D37-57AD-462D-8818-1590DE11B6F1}.Debug|Any CPU.ActiveCfg = Debug|Any CPU
		{89B22D37-57AD-462D-8818-1590DE11B6F1}.Debug|Any CPU.Build.0 = Debug|Any CPU
		{89B22D37-57AD-462D-8818-1590DE11B6F1}.Debug|Any CPU.Deploy.0 = Debug|Any CPU
		{89B22D37-57AD-462D-8818-1590DE11B6F1}.Release|Any CPU.ActiveCfg = Release|Any CPU
		{89B22D37-57AD-462D-8818-1590DE11B6F1}.Release|Any CPU.Build.0 = Release|Any CPU
		{89B22D37-57AD-462D-8818-1590DE11B6F1}.Release|Any CPU.Deploy.0 = Release|Any CPU
		{CDC3BCB8-9974-4036-9721-41C24F73C08A}.Debug|Any CPU.ActiveCfg = Debug|Any CPU
		{CDC3BCB8-9974-4036-9721-41C24F73C08A}.Debug|Any CPU.Build.0 = Debug|Any CPU
		{CDC3BCB8-9974-4036-9721-41C24F73C08A}.Release|Any CPU.ActiveCfg = Release|Any CPU
		{CDC3BCB8-9974-4036-9721-41C24F73C08A}.Release|Any CPU.Build.0 = Release|Any CPU
		{FD537A02-67AA-49B9-A0AD-0A0685B756EF}.Debug|Any CPU.ActiveCfg = Debug|Any CPU
		{FD537A02-67AA-49B9-A0AD-0A0685B756EF}.Debug|Any CPU.Build.0 = Debug|Any CPU
		{FD537A02-67AA-49B9-A0AD-0A0685B756EF}.Release|Any CPU.ActiveCfg = Release|Any CPU
		{FD537A02-67AA-49B9-A0AD-0A0685B756EF}.Release|Any CPU.Build.0 = Release|Any CPU
	EndGlobalSection
	GlobalSection(SolutionProperties) = preSolution
		HideSolutionNode = FALSE
	EndGlobalSection
	GlobalSection(NestedProjects) = preSolution
		{4CE9211C-C85D-479E-A374-1E96C7E4E706} = {AF015AE4-743C-4441-8720-1F5D428C92EC}
		{D33F7A21-43A7-4E41-BD25-D24D2FFE1237} = {D80E0EE0-2DAE-4A4A-A7B5-FC35414B5D8C}
		{F2FC3CD2-534A-4A9C-AF7D-648F2BC04894} = {FF2F3B02-9B21-471D-88B5-889CD0D353F2}
		{FF2F3B02-9B21-471D-88B5-889CD0D353F2} = {DCDABE1A-A0D7-4337-903F-0C875E5AE812}
		{B8F7AA31-B8F6-4EC9-BB1C-26A2283225CD} = {AF015AE4-743C-4441-8720-1F5D428C92EC}
		{CEAE5B7E-67DD-4FAE-A1AF-E074AC4AC2C8} = {AF015AE4-743C-4441-8720-1F5D428C92EC}
		{1BE87C26-24CF-42AB-9B45-C205FBE20C52} = {A6806EE0-1FDC-4A49-8B06-213650A72F78}
		{ED71B621-822E-4F06-A372-AD59C7BB3213} = {AF015AE4-743C-4441-8720-1F5D428C92EC}
		{F1B616CB-59B8-4E78-866E-5E19FD4725AD} = {FF2F3B02-9B21-471D-88B5-889CD0D353F2}
		{9C93B6B6-4400-493D-83C1-833A2B75DAD1} = {A6806EE0-1FDC-4A49-8B06-213650A72F78}
		{6FABE17B-E763-4E53-B1C8-31CB0F604AAE} = {FF2F3B02-9B21-471D-88B5-889CD0D353F2}
		{604CEE1B-B7BF-45F3-8796-203E1D174B44} = {AF015AE4-743C-4441-8720-1F5D428C92EC}
		{89B22D37-57AD-462D-8818-1590DE11B6F1} = {56575A1B-DFED-4726-A638-7461510B379A}
		{CDC3BCB8-9974-4036-9721-41C24F73C08A} = {1BE87C26-24CF-42AB-9B45-C205FBE20C52}
		{FD537A02-67AA-49B9-A0AD-0A0685B756EF} = {9C93B6B6-4400-493D-83C1-833A2B75DAD1}
	EndGlobalSection
	GlobalSection(ExtensibilityGlobals) = postSolution
		SolutionGuid = {ED51870B-F52D-45C2-B30F-013A195BC2A7}
	EndGlobalSection
EndGlobal
