
Microsoft Visual Studio Solution File, Format Version 12.00
# Visual Studio Version 16
VisualStudioVersion = 16.0.29613.14
MinimumVisualStudioVersion = 10.0.40219.1
Project("{2150E333-8FDC-42A3-9474-1A3956D46DE8}") = "libs", "libs", "{A6806EE0-1FDC-4A49-8B06-213650A72F78}"
EndProject
Project("{2150E333-8FDC-42A3-9474-1A3956D46DE8}") = "Functional", "Functional", "{1BE87C26-24CF-42AB-9B45-C205FBE20C52}"
EndProject
Project("{2150E333-8FDC-42A3-9474-1A3956D46DE8}") = "db", "db", "{56575A1B-DFED-4726-A638-7461510B379A}"
EndProject
Project("{00D1A9C2-B5F0-4AF3-8072-F6C62B433612}") = "CodeCampsDb", "..\CodeCampsDb\CodeCampsDb.sqlproj", "{89B22D37-57AD-462D-8818-1590DE11B6F1}"
EndProject
Project("{9A19103F-16F7-4668-BE54-9A1E7A4F7556}") = "Functional", "..\lib\Functional\Functional.csproj", "{CDC3BCB8-9974-4036-9721-41C24F73C08A}"
EndProject
Project("{2150E333-8FDC-42A3-9474-1A3956D46DE8}") = "docs", "docs", "{263AAADA-DABC-40F0-8DFA-B7CF11C300F6}"
	ProjectSection(SolutionItems) = preProject
		..\README.md = ..\README.md
	EndProjectSection
EndProject
Project("{2150E333-8FDC-42A3-9474-1A3956D46DE8}") = "docs", "docs", "{25D232EF-8C40-4425-A2FF-8F791FAD5B7C}"
	ProjectSection(SolutionItems) = preProject
		..\docs\Architecture.md = ..\docs\Architecture.md
		..\docs\CodeQuality.md = ..\docs\CodeQuality.md
		..\docs\Connecting-Modules-With-Framework.png = ..\docs\Connecting-Modules-With-Framework.png
		..\docs\ExplicitArchitecture.png = ..\docs\ExplicitArchitecture.png
		..\docs\Framework-References.png = ..\docs\Framework-References.png
		..\docs\Level-Assemblies.png = ..\docs\Level-Assemblies.png
		..\docs\Level-Classes.png = ..\docs\Level-Classes.png
		..\docs\Level-Code.png = ..\docs\Level-Code.png
		..\docs\Level-Methods.png = ..\docs\Level-Methods.png
		..\docs\Level-Modules.png = ..\docs\Level-Modules.png
		..\docs\Level-Namespaces.png = ..\docs\Level-Namespaces.png
		..\docs\Module-References.png = ..\docs\Module-References.png
	EndProjectSection
EndProject
Project("{2150E333-8FDC-42A3-9474-1A3956D46DE8}") = "hosts", "hosts", "{D67943CD-12E1-438F-A787-3C7B2BC578B2}"
EndProject
Project("{9A19103F-16F7-4668-BE54-9A1E7A4F7556}") = "Xpl.Sandbox.Cli", "Xpl.Sandbox.Cli\Xpl.Sandbox.Cli.csproj", "{1310621B-E7F4-497E-B6DC-4335F2DC1A1B}"
EndProject
Project("{2150E333-8FDC-42A3-9474-1A3956D46DE8}") = "xpl", "xpl", "{D023DFBF-B30A-484B-B98E-BB89F4F5CB3E}"
EndProject
Project("{9A19103F-16F7-4668-BE54-9A1E7A4F7556}") = "Xpl.Framework.Messaging", "Xpl.Framework.Messaging\Xpl.Framework.Messaging.csproj", "{984C78FB-F044-4057-9887-6152266B1631}"
EndProject
Project("{9A19103F-16F7-4668-BE54-9A1E7A4F7556}") = "Xpl.Framework", "Xpl.Framework\Xpl.Framework.csproj", "{3F9EF946-06B4-4FF0-9889-C42C1B14B68F}"
EndProject
Project("{9A19103F-16F7-4668-BE54-9A1E7A4F7556}") = "Xpl.Framework.Messaging.Tests", "..\test\Xpl.Framework.Messaging.Tests\Xpl.Framework.Messaging.Tests.csproj", "{52C102EF-64D5-4D36-AEFD-C9892A0B6240}"
EndProject
Project("{2150E333-8FDC-42A3-9474-1A3956D46DE8}") = "tests", "tests", "{6AEFDBC3-2DED-47F6-B348-1EA886F70A43}"
EndProject
Project("{9A19103F-16F7-4668-BE54-9A1E7A4F7556}") = "Xpl.Framework.Logging", "Xpl.Framework.Logging\Xpl.Framework.Logging.csproj", "{3D9AB5C6-98EF-49E3-9E51-770E4EF6A28D}"
EndProject
Project("{FAE04EC0-301F-11D3-BF4B-00C04F79EFBC}") = "Xpl.Core.Application", "Xpl.Core.Application\Xpl.Core.Application.csproj", "{05B23C69-C773-4449-9DF6-A20C701148A3}"
EndProject
Project("{FAE04EC0-301F-11D3-BF4B-00C04F79EFBC}") = "Xpl.Core.Domain", "Xpl.Core.Domain\Xpl.Core.Domain.csproj", "{0112AF3E-2A84-47A3-A5B3-166B1853D449}"
EndProject
Global
	GlobalSection(SolutionConfigurationPlatforms) = preSolution
		Debug|Any CPU = Debug|Any CPU
		Release|Any CPU = Release|Any CPU
	EndGlobalSection
	GlobalSection(ProjectConfigurationPlatforms) = postSolution
		{89B22D37-57AD-462D-8818-1590DE11B6F1}.Debug|Any CPU.ActiveCfg = Debug|Any CPU
		{89B22D37-57AD-462D-8818-1590DE11B6F1}.Debug|Any CPU.Build.0 = Debug|Any CPU
		{89B22D37-57AD-462D-8818-1590DE11B6F1}.Debug|Any CPU.Deploy.0 = Debug|Any CPU
		{89B22D37-57AD-462D-8818-1590DE11B6F1}.Release|Any CPU.ActiveCfg = Release|Any CPU
		{89B22D37-57AD-462D-8818-1590DE11B6F1}.Release|Any CPU.Build.0 = Release|Any CPU
		{89B22D37-57AD-462D-8818-1590DE11B6F1}.Release|Any CPU.Deploy.0 = Release|Any CPU
		{CDC3BCB8-9974-4036-9721-41C24F73C08A}.Debug|Any CPU.ActiveCfg = Debug|Any CPU
		{CDC3BCB8-9974-4036-9721-41C24F73C08A}.Debug|Any CPU.Build.0 = Debug|Any CPU
		{CDC3BCB8-9974-4036-9721-41C24F73C08A}.Release|Any CPU.ActiveCfg = Release|Any CPU
		{CDC3BCB8-9974-4036-9721-41C24F73C08A}.Release|Any CPU.Build.0 = Release|Any CPU
		{1310621B-E7F4-497E-B6DC-4335F2DC1A1B}.Debug|Any CPU.ActiveCfg = Debug|Any CPU
		{1310621B-E7F4-497E-B6DC-4335F2DC1A1B}.Debug|Any CPU.Build.0 = Debug|Any CPU
		{1310621B-E7F4-497E-B6DC-4335F2DC1A1B}.Release|Any CPU.ActiveCfg = Release|Any CPU
		{1310621B-E7F4-497E-B6DC-4335F2DC1A1B}.Release|Any CPU.Build.0 = Release|Any CPU
		{984C78FB-F044-4057-9887-6152266B1631}.Debug|Any CPU.ActiveCfg = Debug|Any CPU
		{984C78FB-F044-4057-9887-6152266B1631}.Debug|Any CPU.Build.0 = Debug|Any CPU
		{984C78FB-F044-4057-9887-6152266B1631}.Release|Any CPU.ActiveCfg = Release|Any CPU
		{984C78FB-F044-4057-9887-6152266B1631}.Release|Any CPU.Build.0 = Release|Any CPU
		{3F9EF946-06B4-4FF0-9889-C42C1B14B68F}.Debug|Any CPU.ActiveCfg = Debug|Any CPU
		{3F9EF946-06B4-4FF0-9889-C42C1B14B68F}.Debug|Any CPU.Build.0 = Debug|Any CPU
		{3F9EF946-06B4-4FF0-9889-C42C1B14B68F}.Release|Any CPU.ActiveCfg = Release|Any CPU
		{3F9EF946-06B4-4FF0-9889-C42C1B14B68F}.Release|Any CPU.Build.0 = Release|Any CPU
		{52C102EF-64D5-4D36-AEFD-C9892A0B6240}.Debug|Any CPU.ActiveCfg = Debug|Any CPU
		{52C102EF-64D5-4D36-AEFD-C9892A0B6240}.Debug|Any CPU.Build.0 = Debug|Any CPU
		{52C102EF-64D5-4D36-AEFD-C9892A0B6240}.Release|Any CPU.ActiveCfg = Release|Any CPU
		{52C102EF-64D5-4D36-AEFD-C9892A0B6240}.Release|Any CPU.Build.0 = Release|Any CPU
		{3D9AB5C6-98EF-49E3-9E51-770E4EF6A28D}.Debug|Any CPU.ActiveCfg = Debug|Any CPU
		{3D9AB5C6-98EF-49E3-9E51-770E4EF6A28D}.Debug|Any CPU.Build.0 = Debug|Any CPU
		{3D9AB5C6-98EF-49E3-9E51-770E4EF6A28D}.Release|Any CPU.ActiveCfg = Release|Any CPU
		{3D9AB5C6-98EF-49E3-9E51-770E4EF6A28D}.Release|Any CPU.Build.0 = Release|Any CPU
		{05B23C69-C773-4449-9DF6-A20C701148A3}.Debug|Any CPU.ActiveCfg = Debug|Any CPU
		{05B23C69-C773-4449-9DF6-A20C701148A3}.Debug|Any CPU.Build.0 = Debug|Any CPU
		{05B23C69-C773-4449-9DF6-A20C701148A3}.Release|Any CPU.ActiveCfg = Release|Any CPU
		{05B23C69-C773-4449-9DF6-A20C701148A3}.Release|Any CPU.Build.0 = Release|Any CPU
		{0112AF3E-2A84-47A3-A5B3-166B1853D449}.Debug|Any CPU.ActiveCfg = Debug|Any CPU
		{0112AF3E-2A84-47A3-A5B3-166B1853D449}.Debug|Any CPU.Build.0 = Debug|Any CPU
		{0112AF3E-2A84-47A3-A5B3-166B1853D449}.Release|Any CPU.ActiveCfg = Release|Any CPU
		{0112AF3E-2A84-47A3-A5B3-166B1853D449}.Release|Any CPU.Build.0 = Release|Any CPU
	EndGlobalSection
	GlobalSection(SolutionProperties) = preSolution
		HideSolutionNode = FALSE
	EndGlobalSection
	GlobalSection(NestedProjects) = preSolution
		{1BE87C26-24CF-42AB-9B45-C205FBE20C52} = {A6806EE0-1FDC-4A49-8B06-213650A72F78}
		{89B22D37-57AD-462D-8818-1590DE11B6F1} = {56575A1B-DFED-4726-A638-7461510B379A}
		{CDC3BCB8-9974-4036-9721-41C24F73C08A} = {1BE87C26-24CF-42AB-9B45-C205FBE20C52}
		{25D232EF-8C40-4425-A2FF-8F791FAD5B7C} = {263AAADA-DABC-40F0-8DFA-B7CF11C300F6}
		{1310621B-E7F4-497E-B6DC-4335F2DC1A1B} = {D67943CD-12E1-438F-A787-3C7B2BC578B2}
		{984C78FB-F044-4057-9887-6152266B1631} = {D023DFBF-B30A-484B-B98E-BB89F4F5CB3E}
		{3F9EF946-06B4-4FF0-9889-C42C1B14B68F} = {D023DFBF-B30A-484B-B98E-BB89F4F5CB3E}
		{52C102EF-64D5-4D36-AEFD-C9892A0B6240} = {6AEFDBC3-2DED-47F6-B348-1EA886F70A43}
		{3D9AB5C6-98EF-49E3-9E51-770E4EF6A28D} = {D023DFBF-B30A-484B-B98E-BB89F4F5CB3E}
		{05B23C69-C773-4449-9DF6-A20C701148A3} = {D023DFBF-B30A-484B-B98E-BB89F4F5CB3E}
		{0112AF3E-2A84-47A3-A5B3-166B1853D449} = {D023DFBF-B30A-484B-B98E-BB89F4F5CB3E}
	EndGlobalSection
	GlobalSection(ExtensibilityGlobals) = postSolution
		SolutionGuid = {ED51870B-F52D-45C2-B30F-013A195BC2A7}
	EndGlobalSection
EndGlobal
